{
  "requires": true,
  "lockfileVersion": 1,
  "dependencies": {
    "@capacitor/android": {
      "version": "3.0.1",
      "resolved": "https://registry.npmjs.org/@capacitor/android/-/android-3.0.1.tgz",
      "integrity": "sha512-+bKm0J1/oSln8VlVRfC25AWn+lLFwvC3Q8OeIA7DyI36RPi8WMkGfVPvZ3EIywUKBquj7mVuEXXhiZyM+YlDeQ=="
    }
  }
}
